
Microsoft Visual Studio Solution File, Format Version 12.00
# Visual Studio Version 16
VisualStudioVersion = 16.0.31911.196
MinimumVisualStudioVersion = 10.0.40219.1
Project("{8BC9CEB8-8B4A-11D0-8D11-00A0C91BC942}") = "QtEuro2DollarCalculator", "QtEuro2DollarCalculator\QtEuro2DollarCalculator.vcxproj", "{DCDB4D62-1283-4FCC-9BE6-41270397DA89}"
EndProject
Global
	GlobalSection(SolutionConfigurationPlatforms) = preSolution
		Debug|x64 = Debug|x64
		Release|x64 = Release|x64
	EndGlobalSection
	GlobalSection(ProjectConfigurationPlatforms) = postSolution
		{DCDB4D62-1283-4FCC-9BE6-41270397DA89}.Debug|x64.ActiveCfg = Debug|x64
		{DCDB4D62-1283-4FCC-9BE6-41270397DA89}.Debug|x64.Build.0 = Debug|x64
		{DCDB4D62-1283-4FCC-9BE6-41270397DA89}.Release|x64.ActiveCfg = Release|x64
		{DCDB4D62-1283-4FCC-9BE6-41270397DA89}.Release|x64.Build.0 = Release|x64
	EndGlobalSection
	GlobalSection(SolutionProperties) = preSolution
		HideSolutionNode = FALSE
	EndGlobalSection
	GlobalSection(ExtensibilityGlobals) = postSolution
		SolutionGuid = {5BCB4F8F-5862-40EA-85CC-568B29DA21D5}
	EndGlobalSection
EndGlobal
